
Microsoft Visual Studio Solution File, Format Version 12.00
# Visual Studio Version 17
VisualStudioVersion = 17.0.31903.59
MinimumVisualStudioVersion = 10.0.40219.1
Project("{9A19103F-16F7-4668-BE54-9A1E7A4F7556}") = "API", "API\API.csproj", "{8B773D27-D2C7-4E18-B55E-0E7A62CC67B1}"
EndProject
Global
	GlobalSection(SolutionConfigurationPlatforms) = preSolution
		Debug|Any CPU = Debug|Any CPU
		Release|Any CPU = Release|Any CPU
	EndGlobalSection
	GlobalSection(ProjectConfigurationPlatforms) = postSolution
		{8B773D27-D2C7-4E18-B55E-0E7A62CC67B1}.Debug|Any CPU.ActiveCfg = Debug|Any CPU
		{8B773D27-D2C7-4E18-B55E-0E7A62CC67B1}.Debug|Any CPU.Build.0 = Debug|Any CPU
		{8B773D27-D2C7-4E18-B55E-0E7A62CC67B1}.Release|Any CPU.ActiveCfg = Release|Any CPU
		{8B773D27-D2C7-4E18-B55E-0E7A62CC67B1}.Release|Any CPU.Build.0 = Release|Any CPU
	EndGlobalSection
	GlobalSection(SolutionProperties) = preSolution
		HideSolutionNode = FALSE
	EndGlobalSection
	GlobalSection(ExtensibilityGlobals) = postSolution
		SolutionGuid = {60534BA6-36B0-41FE-8112-6DA9FAB91AD1}
	EndGlobalSection
EndGlobal
